{
    "name": "jstempl",
    "version": "v1.1.3",
    "lockfileVersion": 2,
    "requires": true,
    "packages": {
        "": {
            "name": "jstempl",
            "version": "v1.1.3",
            "hasInstallScript": true,
            "dependencies": {
                "chalk": "latest",
                "jcake-utils": "github:J-Cake/jcake-utils",
                "lodash": "latest",
                "markdown-it": "latest"
            },
            "bin": {
                "nhp": "build/srv.js",
                "template": "build/template.js"
            },
            "devDependencies": {
                "@types/lodash": "latest",
                "@types/markdown-it": "latest",
                "@types/node": "latest",
                "esbuild": "latest",
                "typescript": "latest"
            }
        },
        "node_modules/@types/linkify-it": {
            "version": "3.0.2",
            "resolved": "https://registry.npmjs.org/@types/linkify-it/-/linkify-it-3.0.2.tgz",
            "integrity": "sha512-HZQYqbiFVWufzCwexrvh694SOim8z2d+xJl5UNamcvQFejLY/2YUtzXHYi3cHdI7PMlS8ejH2slRAOJQ32aNbA==",
            "dev": true
        },
        "node_modules/@types/lodash": {
            "version": "4.14.182",
            "resolved": "https://registry.npmjs.org/@types/lodash/-/lodash-4.14.182.tgz",
            "integrity": "sha512-/THyiqyQAP9AfARo4pF+aCGcyiQ94tX/Is2I7HofNRqoYLgN1PBoOWu2/zTA5zMxzP5EFutMtWtGAFRKUe961Q==",
            "dev": true
        },
        "node_modules/@types/markdown-it": {
            "version": "12.2.3",
            "resolved": "https://registry.npmjs.org/@types/markdown-it/-/markdown-it-12.2.3.tgz",
            "integrity": "sha512-GKMHFfv3458yYy+v/N8gjufHO6MSZKCOXpZc5GXIWWy8uldwfmPn98vp81gZ5f9SVw8YYBctgfJ22a2d7AOMeQ==",
            "dev": true,
            "dependencies": {
                "@types/linkify-it": "*",
                "@types/mdurl": "*"
            }
        },
        "node_modules/@types/mdurl": {
            "version": "1.0.2",
            "resolved": "https://registry.npmjs.org/@types/mdurl/-/mdurl-1.0.2.tgz",
            "integrity": "sha512-eC4U9MlIcu2q0KQmXszyn5Akca/0jrQmwDRgpAMJai7qBWq4amIQhZyNau4VYGtCeALvW1/NtjzJJ567aZxfKA==",
            "dev": true
        },
        "node_modules/@types/node": {
            "version": "18.0.0",
            "resolved": "https://registry.npmjs.org/@types/node/-/node-18.0.0.tgz",
            "integrity": "sha512-cHlGmko4gWLVI27cGJntjs/Sj8th9aYwplmZFwmmgYQQvL5NUsgVJG7OddLvNfLqYS31KFN0s3qlaD9qCaxACA==",
            "dev": true
        },
        "node_modules/argparse": {
            "version": "2.0.1",
            "resolved": "https://registry.npmjs.org/argparse/-/argparse-2.0.1.tgz",
            "integrity": "sha512-8+9WqebbFzpX9OR+Wa6O29asIogeRMzcGtAINdpMHHyAg10f05aSFVBbcEqGf/PXw1EjAZ+q2/bEBg3DvurK3Q=="
        },
        "node_modules/chalk": {
            "version": "5.0.1",
            "resolved": "https://registry.npmjs.org/chalk/-/chalk-5.0.1.tgz",
            "integrity": "sha512-Fo07WOYGqMfCWHOzSXOt2CxDbC6skS/jO9ynEcmpANMoPrD+W1r1K6Vx7iNm+AQmETU1Xr2t+n8nzkV9t6xh3w==",
            "engines": {
                "node": "^12.17.0 || ^14.13 || >=16.0.0"
            },
            "funding": {
                "url": "https://github.com/chalk/chalk?sponsor=1"
            }
        },
        "node_modules/entities": {
            "version": "3.0.1",
            "resolved": "https://registry.npmjs.org/entities/-/entities-3.0.1.tgz",
            "integrity": "sha512-WiyBqoomrwMdFG1e0kqvASYfnlb0lp8M5o5Fw2OFq1hNZxxcNk8Ik0Xm7LxzBhuidnZB/UtBqVCgUz3kBOP51Q==",
            "engines": {
                "node": ">=0.12"
            },
            "funding": {
                "url": "https://github.com/fb55/entities?sponsor=1"
            }
        },
        "node_modules/esbuild": {
            "version": "0.14.44",
            "resolved": "https://registry.npmjs.org/esbuild/-/esbuild-0.14.44.tgz",
            "integrity": "sha512-Rn+lRRfj60r/3svI6NgAVnetzp3vMOj17BThuhshSj/gS1LR03xrjkDYyfPmrYG/0c3D68rC6FNYMQ3yRbiXeQ==",
            "dev": true,
            "hasInstallScript": true,
            "bin": {
                "esbuild": "bin/esbuild"
            },
            "engines": {
                "node": ">=12"
            },
            "optionalDependencies": {
                "esbuild-android-64": "0.14.44",
                "esbuild-android-arm64": "0.14.44",
                "esbuild-darwin-64": "0.14.44",
                "esbuild-darwin-arm64": "0.14.44",
                "esbuild-freebsd-64": "0.14.44",
                "esbuild-freebsd-arm64": "0.14.44",
                "esbuild-linux-32": "0.14.44",
                "esbuild-linux-64": "0.14.44",
                "esbuild-linux-arm": "0.14.44",
                "esbuild-linux-arm64": "0.14.44",
                "esbuild-linux-mips64le": "0.14.44",
                "esbuild-linux-ppc64le": "0.14.44",
                "esbuild-linux-riscv64": "0.14.44",
                "esbuild-linux-s390x": "0.14.44",
                "esbuild-netbsd-64": "0.14.44",
                "esbuild-openbsd-64": "0.14.44",
                "esbuild-sunos-64": "0.14.44",
                "esbuild-windows-32": "0.14.44",
                "esbuild-windows-64": "0.14.44",
                "esbuild-windows-arm64": "0.14.44"
            }
        },
        "node_modules/esbuild-android-64": {
            "version": "0.14.44",
            "resolved": "https://registry.npmjs.org/esbuild-android-64/-/esbuild-android-64-0.14.44.tgz",
            "integrity": "sha512-dFPHBXmx385zuJULAD/Cmq/LyPRXiAWbf9ylZtY0wJ8iVyWfKYaCYxeJx8OAZUuj46ZwNa7MzW2GBAQLOeiemg==",
            "cpu": [
                "x64"
            ],
            "dev": true,
            "optional": true,
            "os": [
                "android"
            ],
            "engines": {
                "node": ">=12"
            }
        },
        "node_modules/esbuild-android-arm64": {
            "version": "0.14.44",
            "resolved": "https://registry.npmjs.org/esbuild-android-arm64/-/esbuild-android-arm64-0.14.44.tgz",
            "integrity": "sha512-qqaqqyxHXjZ/0ddKU3I3Nb7lAvVM69ELMhb8+91FyomAUmQPlHtxe+TTiWxXGHE72XEzcgTEGq4VauqLNkN22g==",
            "cpu": [
                "arm64"
            ],
            "dev": true,
            "optional": true,
            "os": [
                "android"
            ],
            "engines": {
                "node": ">=12"
            }
        },
        "node_modules/esbuild-darwin-64": {
            "version": "0.14.44",
            "resolved": "https://registry.npmjs.org/esbuild-darwin-64/-/esbuild-darwin-64-0.14.44.tgz",
            "integrity": "sha512-RBmtGKGY06+AW6IOJ1LE/dEeF7HH34C1/Ces9FSitU4bIbIpL4KEuQpTFoxwb4ry5s2hyw7vbPhhtyOd18FH9g==",
            "cpu": [
                "x64"
            ],
            "dev": true,
            "optional": true,
            "os": [
                "darwin"
            ],
            "engines": {
                "node": ">=12"
            }
        },
        "node_modules/esbuild-darwin-arm64": {
            "version": "0.14.44",
            "resolved": "https://registry.npmjs.org/esbuild-darwin-arm64/-/esbuild-darwin-arm64-0.14.44.tgz",
            "integrity": "sha512-Bmhx5Cfo4Hdb7WyyyDupTB8HPmnFZ8baLfPlzLdYvF6OzsIbV+CY+m/AWf0OQvY40BlkzCLJ/7Lfwbb71Tngmg==",
            "cpu": [
                "arm64"
            ],
            "dev": true,
            "optional": true,
            "os": [
                "darwin"
            ],
            "engines": {
                "node": ">=12"
            }
        },
        "node_modules/esbuild-freebsd-64": {
            "version": "0.14.44",
            "resolved": "https://registry.npmjs.org/esbuild-freebsd-64/-/esbuild-freebsd-64-0.14.44.tgz",
            "integrity": "sha512-O4HpWa5ZgxbNPQTF7URicLzYa+TidGlmGT/RAC3GjbGEQQYkd0R1Slyh69Yrmb2qmcOcPAgWHbNo1UhK4WmZ4w==",
            "cpu": [
                "x64"
            ],
            "dev": true,
            "optional": true,
            "os": [
                "freebsd"
            ],
            "engines": {
                "node": ">=12"
            }
        },
        "node_modules/esbuild-freebsd-arm64": {
            "version": "0.14.44",
            "resolved": "https://registry.npmjs.org/esbuild-freebsd-arm64/-/esbuild-freebsd-arm64-0.14.44.tgz",
            "integrity": "sha512-f0/jkAKccnDY7mg1F9l/AMzEm+VXWXK6c3IrOEmd13jyKfpTZKTIlt+yI04THPDCDZTzXHTRUBLozqp+m8Mg5Q==",
            "cpu": [
                "arm64"
            ],
            "dev": true,
            "optional": true,
            "os": [
                "freebsd"
            ],
            "engines": {
                "node": ">=12"
            }
        },
        "node_modules/esbuild-linux-32": {
            "version": "0.14.44",
            "resolved": "https://registry.npmjs.org/esbuild-linux-32/-/esbuild-linux-32-0.14.44.tgz",
            "integrity": "sha512-WSIhzLldMR7YUoEL7Ix319tC+NFmW9Pu7NgFWxUfOXeWsT0Wg484hm6bNgs7+oY2pGzg715y/Wrqi1uNOMmZJw==",
            "cpu": [
                "ia32"
            ],
            "dev": true,
            "optional": true,
            "os": [
                "linux"
            ],
            "engines": {
                "node": ">=12"
            }
        },
        "node_modules/esbuild-linux-64": {
            "version": "0.14.44",
            "resolved": "https://registry.npmjs.org/esbuild-linux-64/-/esbuild-linux-64-0.14.44.tgz",
            "integrity": "sha512-zgscTrCMcRZRIsVugqBTP/B5lPLNchBlWjQ8sQq2Epnv+UDtYKgXEq1ctWAmibZNy2E9QRCItKMeIEqeTUT5kA==",
            "cpu": [
                "x64"
            ],
            "dev": true,
            "optional": true,
            "os": [
                "linux"
            ],
            "engines": {
                "node": ">=12"
            }
        },
        "node_modules/esbuild-linux-arm": {
            "version": "0.14.44",
            "resolved": "https://registry.npmjs.org/esbuild-linux-arm/-/esbuild-linux-arm-0.14.44.tgz",
            "integrity": "sha512-laPBPwGfsbBxGw6F6jnqic2CPXLyC1bPrmnSOeJ9oEnx1rcKkizd4HWCRUc0xv+l4z/USRfx/sEfYlWSLeqoJQ==",
            "cpu": [
                "arm"
            ],
            "dev": true,
            "optional": true,
            "os": [
                "linux"
            ],
            "engines": {
                "node": ">=12"
            }
        },
        "node_modules/esbuild-linux-arm64": {
            "version": "0.14.44",
            "resolved": "https://registry.npmjs.org/esbuild-linux-arm64/-/esbuild-linux-arm64-0.14.44.tgz",
            "integrity": "sha512-H0H/2/wgiScTwBve/JR8/o+Zhabx5KPk8T2mkYZFKQGl1hpUgC+AOmRyqy/Js3p66Wim4F4Akv3I3sJA1sKg0w==",
            "cpu": [
                "arm64"
            ],
            "dev": true,
            "optional": true,
            "os": [
                "linux"
            ],
            "engines": {
                "node": ">=12"
            }
        },
        "node_modules/esbuild-linux-mips64le": {
            "version": "0.14.44",
            "resolved": "https://registry.npmjs.org/esbuild-linux-mips64le/-/esbuild-linux-mips64le-0.14.44.tgz",
            "integrity": "sha512-ri3Okw0aleYy7o5n9zlIq+FCtq3tcMlctN6X1H1ucILjBJuH8pan2trJPKWeb8ppntFvE28I9eEXhwkWh6wYKg==",
            "cpu": [
                "mips64el"
            ],
            "dev": true,
            "optional": true,
            "os": [
                "linux"
            ],
            "engines": {
                "node": ">=12"
            }
        },
        "node_modules/esbuild-linux-ppc64le": {
            "version": "0.14.44",
            "resolved": "https://registry.npmjs.org/esbuild-linux-ppc64le/-/esbuild-linux-ppc64le-0.14.44.tgz",
            "integrity": "sha512-96TqL/MvFRuIVXz+GtCIXzRQ43ZwEk4XTn0RWUNJduXXMDQ/V1iOV28U6x6Oe3NesK4xkoKSaK2+F3VHcU8ZrA==",
            "cpu": [
                "ppc64"
            ],
            "dev": true,
            "optional": true,
            "os": [
                "linux"
            ],
            "engines": {
                "node": ">=12"
            }
        },
        "node_modules/esbuild-linux-riscv64": {
            "version": "0.14.44",
            "resolved": "https://registry.npmjs.org/esbuild-linux-riscv64/-/esbuild-linux-riscv64-0.14.44.tgz",
            "integrity": "sha512-rrK9qEp2M8dhilsPn4T9gxUsAumkITc1kqYbpyNMr9EWo+J5ZBj04n3GYldULrcCw4ZCHAJ+qPjqr8b6kG2inA==",
            "cpu": [
                "riscv64"
            ],
            "dev": true,
            "optional": true,
            "os": [
                "linux"
            ],
            "engines": {
                "node": ">=12"
            }
        },
        "node_modules/esbuild-linux-s390x": {
            "version": "0.14.44",
            "resolved": "https://registry.npmjs.org/esbuild-linux-s390x/-/esbuild-linux-s390x-0.14.44.tgz",
            "integrity": "sha512-2YmTm9BrW5aUwBSe8wIEARd9EcnOQmkHp4+IVaO09Ez/C5T866x+ABzhG0bwx0b+QRo9q97CRMaQx2Ngb6/hfw==",
            "cpu": [
                "s390x"
            ],
            "dev": true,
            "optional": true,
            "os": [
                "linux"
            ],
            "engines": {
                "node": ">=12"
            }
        },
        "node_modules/esbuild-netbsd-64": {
            "version": "0.14.44",
            "resolved": "https://registry.npmjs.org/esbuild-netbsd-64/-/esbuild-netbsd-64-0.14.44.tgz",
            "integrity": "sha512-zypdzPmZTCqYS30WHxbcvtC0E6e/ECvl4WueUdbdWhs2dfWJt5RtCBME664EpTznixR3lSN1MQ2NhwQF8MQryw==",
            "cpu": [
                "x64"
            ],
            "dev": true,
            "optional": true,
            "os": [
                "netbsd"
            ],
            "engines": {
                "node": ">=12"
            }
        },
        "node_modules/esbuild-openbsd-64": {
            "version": "0.14.44",
            "resolved": "https://registry.npmjs.org/esbuild-openbsd-64/-/esbuild-openbsd-64-0.14.44.tgz",
            "integrity": "sha512-8J43ab9ByYl7KteC03HGQjr2HY1ge7sN04lFnwMFWYk2NCn8IuaeeThvLeNjzOYhyT3I6K8puJP0uVXUu+D1xw==",
            "cpu": [
                "x64"
            ],
            "dev": true,
            "optional": true,
            "os": [
                "openbsd"
            ],
            "engines": {
                "node": ">=12"
            }
        },
        "node_modules/esbuild-sunos-64": {
            "version": "0.14.44",
            "resolved": "https://registry.npmjs.org/esbuild-sunos-64/-/esbuild-sunos-64-0.14.44.tgz",
            "integrity": "sha512-OH1/09CGUJwffA+HNM6mqPkSIyHVC3ZnURU/4CCIx7IqWUBn1Sh1HRLQC8/TWNgcs0/1u7ygnc2pgf/AHZJ/Ow==",
            "cpu": [
                "x64"
            ],
            "dev": true,
            "optional": true,
            "os": [
                "sunos"
            ],
            "engines": {
                "node": ">=12"
            }
        },
        "node_modules/esbuild-windows-32": {
            "version": "0.14.44",
            "resolved": "https://registry.npmjs.org/esbuild-windows-32/-/esbuild-windows-32-0.14.44.tgz",
            "integrity": "sha512-mCAOL9/rRqwfOfxTu2sjq/eAIs7eAXGiU6sPBnowggI7QS953Iq6o3/uDu010LwfN7zr18c/lEj6/PTwwTB3AA==",
            "cpu": [
                "ia32"
            ],
            "dev": true,
            "optional": true,
            "os": [
                "win32"
            ],
            "engines": {
                "node": ">=12"
            }
        },
        "node_modules/esbuild-windows-64": {
            "version": "0.14.44",
            "resolved": "https://registry.npmjs.org/esbuild-windows-64/-/esbuild-windows-64-0.14.44.tgz",
            "integrity": "sha512-AG6BH3+YG0s2Q/IfB1cm68FdyFnoE1P+GFbmgFO3tA4UIP8+BKsmKGGZ5I3+ZjcnzOwvT74bQRVrfnQow2KO5Q==",
            "cpu": [
                "x64"
            ],
            "dev": true,
            "optional": true,
            "os": [
                "win32"
            ],
            "engines": {
                "node": ">=12"
            }
        },
        "node_modules/esbuild-windows-arm64": {
            "version": "0.14.44",
            "resolved": "https://registry.npmjs.org/esbuild-windows-arm64/-/esbuild-windows-arm64-0.14.44.tgz",
            "integrity": "sha512-ygYPfYE5By4Sd6szsNr10B0RtWVNOSGmZABSaj4YQBLqh9b9i45VAjVWa8tyIy+UAbKF7WGwybi2wTbSVliO8A==",
            "cpu": [
                "arm64"
            ],
            "dev": true,
            "optional": true,
            "os": [
                "win32"
            ],
            "engines": {
                "node": ">=12"
            }
        },
        "node_modules/jcake-utils": {
            "name": "@j-cake/jcake-utils",
            "version": "v1.1.3",
            "resolved": "git+ssh://git@github.com/J-Cake/jcake-utils.git#d77af67e1730e73aa540d35194e4df16e93846c9",
            "dependencies": {
                "chalk": "latest",
                "lodash": "latest"
            },
            "bin": {
                "dbrepl": "build/dbrepl.js"
            }
        },
        "node_modules/linkify-it": {
            "version": "4.0.1",
            "resolved": "https://registry.npmjs.org/linkify-it/-/linkify-it-4.0.1.tgz",
            "integrity": "sha512-C7bfi1UZmoj8+PQx22XyeXCuBlokoyWQL5pWSP+EI6nzRylyThouddufc2c1NDIcP9k5agmN9fLpA7VNJfIiqw==",
            "dependencies": {
                "uc.micro": "^1.0.1"
            }
        },
        "node_modules/lodash": {
            "version": "4.17.21",
            "resolved": "https://registry.npmjs.org/lodash/-/lodash-4.17.21.tgz",
            "integrity": "sha512-v2kDEe57lecTulaDIuNTPy3Ry4gLGJ6Z1O3vE1krgXZNrsQ+LFTGHVxVjcXPs17LhbZVGedAJv8XZ1tvj5FvSg=="
        },
        "node_modules/markdown-it": {
            "version": "13.0.1",
            "resolved": "https://registry.npmjs.org/markdown-it/-/markdown-it-13.0.1.tgz",
            "integrity": "sha512-lTlxriVoy2criHP0JKRhO2VDG9c2ypWCsT237eDiLqi09rmbKoUetyGHq2uOIRoRS//kfoJckS0eUzzkDR+k2Q==",
            "dependencies": {
                "argparse": "^2.0.1",
                "entities": "~3.0.1",
                "linkify-it": "^4.0.1",
                "mdurl": "^1.0.1",
                "uc.micro": "^1.0.5"
            },
            "bin": {
                "markdown-it": "bin/markdown-it.js"
            }
        },
        "node_modules/mdurl": {
            "version": "1.0.1",
            "resolved": "https://registry.npmjs.org/mdurl/-/mdurl-1.0.1.tgz",
            "integrity": "sha512-/sKlQJCBYVY9Ers9hqzKou4H6V5UWc/M59TH2dvkt+84itfnq7uFOMLpOiOS4ujvHP4etln18fmIxA5R5fll0g=="
        },
        "node_modules/typescript": {
            "version": "4.7.3",
            "resolved": "https://registry.npmjs.org/typescript/-/typescript-4.7.3.tgz",
            "integrity": "sha512-WOkT3XYvrpXx4vMMqlD+8R8R37fZkjyLGlxavMc4iB8lrl8L0DeTcHbYgw/v0N/z9wAFsgBhcsF0ruoySS22mA==",
            "dev": true,
            "bin": {
                "tsc": "bin/tsc",
                "tsserver": "bin/tsserver"
            },
            "engines": {
                "node": ">=4.2.0"
            }
        },
        "node_modules/uc.micro": {
            "version": "1.0.6",
            "resolved": "https://registry.npmjs.org/uc.micro/-/uc.micro-1.0.6.tgz",
            "integrity": "sha512-8Y75pvTYkLJW2hWQHXxoqRgV7qb9B+9vFEtidML+7koHUFapnVJAZ6cKs+Qjz5Aw3aZWHMC6u0wJE3At+nSGwA=="
        }
    },
    "dependencies": {
        "@types/linkify-it": {
            "version": "3.0.2",
            "resolved": "https://registry.npmjs.org/@types/linkify-it/-/linkify-it-3.0.2.tgz",
            "integrity": "sha512-HZQYqbiFVWufzCwexrvh694SOim8z2d+xJl5UNamcvQFejLY/2YUtzXHYi3cHdI7PMlS8ejH2slRAOJQ32aNbA==",
            "dev": true
        },
        "@types/lodash": {
            "version": "4.14.182",
            "resolved": "https://registry.npmjs.org/@types/lodash/-/lodash-4.14.182.tgz",
            "integrity": "sha512-/THyiqyQAP9AfARo4pF+aCGcyiQ94tX/Is2I7HofNRqoYLgN1PBoOWu2/zTA5zMxzP5EFutMtWtGAFRKUe961Q==",
            "dev": true
        },
        "@types/markdown-it": {
            "version": "12.2.3",
            "resolved": "https://registry.npmjs.org/@types/markdown-it/-/markdown-it-12.2.3.tgz",
            "integrity": "sha512-GKMHFfv3458yYy+v/N8gjufHO6MSZKCOXpZc5GXIWWy8uldwfmPn98vp81gZ5f9SVw8YYBctgfJ22a2d7AOMeQ==",
            "dev": true,
            "requires": {
                "@types/linkify-it": "*",
                "@types/mdurl": "*"
            }
        },
        "@types/mdurl": {
            "version": "1.0.2",
            "resolved": "https://registry.npmjs.org/@types/mdurl/-/mdurl-1.0.2.tgz",
            "integrity": "sha512-eC4U9MlIcu2q0KQmXszyn5Akca/0jrQmwDRgpAMJai7qBWq4amIQhZyNau4VYGtCeALvW1/NtjzJJ567aZxfKA==",
            "dev": true
        },
        "@types/node": {
            "version": "18.0.0",
            "resolved": "https://registry.npmjs.org/@types/node/-/node-18.0.0.tgz",
            "integrity": "sha512-cHlGmko4gWLVI27cGJntjs/Sj8th9aYwplmZFwmmgYQQvL5NUsgVJG7OddLvNfLqYS31KFN0s3qlaD9qCaxACA==",
            "dev": true
        },
        "argparse": {
            "version": "2.0.1",
            "resolved": "https://registry.npmjs.org/argparse/-/argparse-2.0.1.tgz",
            "integrity": "sha512-8+9WqebbFzpX9OR+Wa6O29asIogeRMzcGtAINdpMHHyAg10f05aSFVBbcEqGf/PXw1EjAZ+q2/bEBg3DvurK3Q=="
        },
        "chalk": {
            "version": "5.0.1",
            "resolved": "https://registry.npmjs.org/chalk/-/chalk-5.0.1.tgz",
            "integrity": "sha512-Fo07WOYGqMfCWHOzSXOt2CxDbC6skS/jO9ynEcmpANMoPrD+W1r1K6Vx7iNm+AQmETU1Xr2t+n8nzkV9t6xh3w=="
        },
        "entities": {
            "version": "3.0.1",
            "resolved": "https://registry.npmjs.org/entities/-/entities-3.0.1.tgz",
            "integrity": "sha512-WiyBqoomrwMdFG1e0kqvASYfnlb0lp8M5o5Fw2OFq1hNZxxcNk8Ik0Xm7LxzBhuidnZB/UtBqVCgUz3kBOP51Q=="
        },
        "esbuild": {
            "version": "0.14.44",
            "resolved": "https://registry.npmjs.org/esbuild/-/esbuild-0.14.44.tgz",
            "integrity": "sha512-Rn+lRRfj60r/3svI6NgAVnetzp3vMOj17BThuhshSj/gS1LR03xrjkDYyfPmrYG/0c3D68rC6FNYMQ3yRbiXeQ==",
            "dev": true,
            "requires": {
                "esbuild-android-64": "0.14.44",
                "esbuild-android-arm64": "0.14.44",
                "esbuild-darwin-64": "0.14.44",
                "esbuild-darwin-arm64": "0.14.44",
                "esbuild-freebsd-64": "0.14.44",
                "esbuild-freebsd-arm64": "0.14.44",
                "esbuild-linux-32": "0.14.44",
                "esbuild-linux-64": "0.14.44",
                "esbuild-linux-arm": "0.14.44",
                "esbuild-linux-arm64": "0.14.44",
                "esbuild-linux-mips64le": "0.14.44",
                "esbuild-linux-ppc64le": "0.14.44",
                "esbuild-linux-riscv64": "0.14.44",
                "esbuild-linux-s390x": "0.14.44",
                "esbuild-netbsd-64": "0.14.44",
                "esbuild-openbsd-64": "0.14.44",
                "esbuild-sunos-64": "0.14.44",
                "esbuild-windows-32": "0.14.44",
                "esbuild-windows-64": "0.14.44",
                "esbuild-windows-arm64": "0.14.44"
            }
        },
        "esbuild-android-64": {
            "version": "0.14.44",
            "resolved": "https://registry.npmjs.org/esbuild-android-64/-/esbuild-android-64-0.14.44.tgz",
            "integrity": "sha512-dFPHBXmx385zuJULAD/Cmq/LyPRXiAWbf9ylZtY0wJ8iVyWfKYaCYxeJx8OAZUuj46ZwNa7MzW2GBAQLOeiemg==",
            "dev": true,
            "optional": true
        },
        "esbuild-android-arm64": {
            "version": "0.14.44",
            "resolved": "https://registry.npmjs.org/esbuild-android-arm64/-/esbuild-android-arm64-0.14.44.tgz",
            "integrity": "sha512-qqaqqyxHXjZ/0ddKU3I3Nb7lAvVM69ELMhb8+91FyomAUmQPlHtxe+TTiWxXGHE72XEzcgTEGq4VauqLNkN22g==",
            "dev": true,
            "optional": true
        },
        "esbuild-darwin-64": {
            "version": "0.14.44",
            "resolved": "https://registry.npmjs.org/esbuild-darwin-64/-/esbuild-darwin-64-0.14.44.tgz",
            "integrity": "sha512-RBmtGKGY06+AW6IOJ1LE/dEeF7HH34C1/Ces9FSitU4bIbIpL4KEuQpTFoxwb4ry5s2hyw7vbPhhtyOd18FH9g==",
            "dev": true,
            "optional": true
        },
        "esbuild-darwin-arm64": {
            "version": "0.14.44",
            "resolved": "https://registry.npmjs.org/esbuild-darwin-arm64/-/esbuild-darwin-arm64-0.14.44.tgz",
            "integrity": "sha512-Bmhx5Cfo4Hdb7WyyyDupTB8HPmnFZ8baLfPlzLdYvF6OzsIbV+CY+m/AWf0OQvY40BlkzCLJ/7Lfwbb71Tngmg==",
            "dev": true,
            "optional": true
        },
        "esbuild-freebsd-64": {
            "version": "0.14.44",
            "resolved": "https://registry.npmjs.org/esbuild-freebsd-64/-/esbuild-freebsd-64-0.14.44.tgz",
            "integrity": "sha512-O4HpWa5ZgxbNPQTF7URicLzYa+TidGlmGT/RAC3GjbGEQQYkd0R1Slyh69Yrmb2qmcOcPAgWHbNo1UhK4WmZ4w==",
            "dev": true,
            "optional": true
        },
        "esbuild-freebsd-arm64": {
            "version": "0.14.44",
            "resolved": "https://registry.npmjs.org/esbuild-freebsd-arm64/-/esbuild-freebsd-arm64-0.14.44.tgz",
            "integrity": "sha512-f0/jkAKccnDY7mg1F9l/AMzEm+VXWXK6c3IrOEmd13jyKfpTZKTIlt+yI04THPDCDZTzXHTRUBLozqp+m8Mg5Q==",
            "dev": true,
            "optional": true
        },
        "esbuild-linux-32": {
            "version": "0.14.44",
            "resolved": "https://registry.npmjs.org/esbuild-linux-32/-/esbuild-linux-32-0.14.44.tgz",
            "integrity": "sha512-WSIhzLldMR7YUoEL7Ix319tC+NFmW9Pu7NgFWxUfOXeWsT0Wg484hm6bNgs7+oY2pGzg715y/Wrqi1uNOMmZJw==",
            "dev": true,
            "optional": true
        },
        "esbuild-linux-64": {
            "version": "0.14.44",
            "resolved": "https://registry.npmjs.org/esbuild-linux-64/-/esbuild-linux-64-0.14.44.tgz",
            "integrity": "sha512-zgscTrCMcRZRIsVugqBTP/B5lPLNchBlWjQ8sQq2Epnv+UDtYKgXEq1ctWAmibZNy2E9QRCItKMeIEqeTUT5kA==",
            "dev": true,
            "optional": true
        },
        "esbuild-linux-arm": {
            "version": "0.14.44",
            "resolved": "https://registry.npmjs.org/esbuild-linux-arm/-/esbuild-linux-arm-0.14.44.tgz",
            "integrity": "sha512-laPBPwGfsbBxGw6F6jnqic2CPXLyC1bPrmnSOeJ9oEnx1rcKkizd4HWCRUc0xv+l4z/USRfx/sEfYlWSLeqoJQ==",
            "dev": true,
            "optional": true
        },
        "esbuild-linux-arm64": {
            "version": "0.14.44",
            "resolved": "https://registry.npmjs.org/esbuild-linux-arm64/-/esbuild-linux-arm64-0.14.44.tgz",
            "integrity": "sha512-H0H/2/wgiScTwBve/JR8/o+Zhabx5KPk8T2mkYZFKQGl1hpUgC+AOmRyqy/Js3p66Wim4F4Akv3I3sJA1sKg0w==",
            "dev": true,
            "optional": true
        },
        "esbuild-linux-mips64le": {
            "version": "0.14.44",
            "resolved": "https://registry.npmjs.org/esbuild-linux-mips64le/-/esbuild-linux-mips64le-0.14.44.tgz",
            "integrity": "sha512-ri3Okw0aleYy7o5n9zlIq+FCtq3tcMlctN6X1H1ucILjBJuH8pan2trJPKWeb8ppntFvE28I9eEXhwkWh6wYKg==",
            "dev": true,
            "optional": true
        },
        "esbuild-linux-ppc64le": {
            "version": "0.14.44",
            "resolved": "https://registry.npmjs.org/esbuild-linux-ppc64le/-/esbuild-linux-ppc64le-0.14.44.tgz",
            "integrity": "sha512-96TqL/MvFRuIVXz+GtCIXzRQ43ZwEk4XTn0RWUNJduXXMDQ/V1iOV28U6x6Oe3NesK4xkoKSaK2+F3VHcU8ZrA==",
            "dev": true,
            "optional": true
        },
        "esbuild-linux-riscv64": {
            "version": "0.14.44",
            "resolved": "https://registry.npmjs.org/esbuild-linux-riscv64/-/esbuild-linux-riscv64-0.14.44.tgz",
            "integrity": "sha512-rrK9qEp2M8dhilsPn4T9gxUsAumkITc1kqYbpyNMr9EWo+J5ZBj04n3GYldULrcCw4ZCHAJ+qPjqr8b6kG2inA==",
            "dev": true,
            "optional": true
        },
        "esbuild-linux-s390x": {
            "version": "0.14.44",
            "resolved": "https://registry.npmjs.org/esbuild-linux-s390x/-/esbuild-linux-s390x-0.14.44.tgz",
            "integrity": "sha512-2YmTm9BrW5aUwBSe8wIEARd9EcnOQmkHp4+IVaO09Ez/C5T866x+ABzhG0bwx0b+QRo9q97CRMaQx2Ngb6/hfw==",
            "dev": true,
            "optional": true
        },
        "esbuild-netbsd-64": {
            "version": "0.14.44",
            "resolved": "https://registry.npmjs.org/esbuild-netbsd-64/-/esbuild-netbsd-64-0.14.44.tgz",
            "integrity": "sha512-zypdzPmZTCqYS30WHxbcvtC0E6e/ECvl4WueUdbdWhs2dfWJt5RtCBME664EpTznixR3lSN1MQ2NhwQF8MQryw==",
            "dev": true,
            "optional": true
        },
        "esbuild-openbsd-64": {
            "version": "0.14.44",
            "resolved": "https://registry.npmjs.org/esbuild-openbsd-64/-/esbuild-openbsd-64-0.14.44.tgz",
            "integrity": "sha512-8J43ab9ByYl7KteC03HGQjr2HY1ge7sN04lFnwMFWYk2NCn8IuaeeThvLeNjzOYhyT3I6K8puJP0uVXUu+D1xw==",
            "dev": true,
            "optional": true
        },
        "esbuild-sunos-64": {
            "version": "0.14.44",
            "resolved": "https://registry.npmjs.org/esbuild-sunos-64/-/esbuild-sunos-64-0.14.44.tgz",
            "integrity": "sha512-OH1/09CGUJwffA+HNM6mqPkSIyHVC3ZnURU/4CCIx7IqWUBn1Sh1HRLQC8/TWNgcs0/1u7ygnc2pgf/AHZJ/Ow==",
            "dev": true,
            "optional": true
        },
        "esbuild-windows-32": {
            "version": "0.14.44",
            "resolved": "https://registry.npmjs.org/esbuild-windows-32/-/esbuild-windows-32-0.14.44.tgz",
            "integrity": "sha512-mCAOL9/rRqwfOfxTu2sjq/eAIs7eAXGiU6sPBnowggI7QS953Iq6o3/uDu010LwfN7zr18c/lEj6/PTwwTB3AA==",
            "dev": true,
            "optional": true
        },
        "esbuild-windows-64": {
            "version": "0.14.44",
            "resolved": "https://registry.npmjs.org/esbuild-windows-64/-/esbuild-windows-64-0.14.44.tgz",
            "integrity": "sha512-AG6BH3+YG0s2Q/IfB1cm68FdyFnoE1P+GFbmgFO3tA4UIP8+BKsmKGGZ5I3+ZjcnzOwvT74bQRVrfnQow2KO5Q==",
            "dev": true,
            "optional": true
        },
        "esbuild-windows-arm64": {
            "version": "0.14.44",
            "resolved": "https://registry.npmjs.org/esbuild-windows-arm64/-/esbuild-windows-arm64-0.14.44.tgz",
            "integrity": "sha512-ygYPfYE5By4Sd6szsNr10B0RtWVNOSGmZABSaj4YQBLqh9b9i45VAjVWa8tyIy+UAbKF7WGwybi2wTbSVliO8A==",
            "dev": true,
            "optional": true
        },
        "jcake-utils": {
            "version": "git+ssh://git@github.com/J-Cake/jcake-utils.git#d77af67e1730e73aa540d35194e4df16e93846c9",
            "from": "jcake-utils@github:J-Cake/jcake-utils",
            "requires": {
                "chalk": "latest",
                "lodash": "latest"
            }
        },
        "linkify-it": {
            "version": "4.0.1",
            "resolved": "https://registry.npmjs.org/linkify-it/-/linkify-it-4.0.1.tgz",
            "integrity": "sha512-C7bfi1UZmoj8+PQx22XyeXCuBlokoyWQL5pWSP+EI6nzRylyThouddufc2c1NDIcP9k5agmN9fLpA7VNJfIiqw==",
            "requires": {
                "uc.micro": "^1.0.1"
            }
        },
        "lodash": {
            "version": "4.17.21",
            "resolved": "https://registry.npmjs.org/lodash/-/lodash-4.17.21.tgz",
            "integrity": "sha512-v2kDEe57lecTulaDIuNTPy3Ry4gLGJ6Z1O3vE1krgXZNrsQ+LFTGHVxVjcXPs17LhbZVGedAJv8XZ1tvj5FvSg=="
        },
        "markdown-it": {
            "version": "13.0.1",
            "resolved": "https://registry.npmjs.org/markdown-it/-/markdown-it-13.0.1.tgz",
            "integrity": "sha512-lTlxriVoy2criHP0JKRhO2VDG9c2ypWCsT237eDiLqi09rmbKoUetyGHq2uOIRoRS//kfoJckS0eUzzkDR+k2Q==",
            "requires": {
                "argparse": "^2.0.1",
                "entities": "~3.0.1",
                "linkify-it": "^4.0.1",
                "mdurl": "^1.0.1",
                "uc.micro": "^1.0.5"
            }
        },
        "mdurl": {
            "version": "1.0.1",
            "resolved": "https://registry.npmjs.org/mdurl/-/mdurl-1.0.1.tgz",
            "integrity": "sha512-/sKlQJCBYVY9Ers9hqzKou4H6V5UWc/M59TH2dvkt+84itfnq7uFOMLpOiOS4ujvHP4etln18fmIxA5R5fll0g=="
        },
        "typescript": {
            "version": "4.7.3",
            "resolved": "https://registry.npmjs.org/typescript/-/typescript-4.7.3.tgz",
            "integrity": "sha512-WOkT3XYvrpXx4vMMqlD+8R8R37fZkjyLGlxavMc4iB8lrl8L0DeTcHbYgw/v0N/z9wAFsgBhcsF0ruoySS22mA==",
            "dev": true
        },
        "uc.micro": {
            "version": "1.0.6",
            "resolved": "https://registry.npmjs.org/uc.micro/-/uc.micro-1.0.6.tgz",
            "integrity": "sha512-8Y75pvTYkLJW2hWQHXxoqRgV7qb9B+9vFEtidML+7koHUFapnVJAZ6cKs+Qjz5Aw3aZWHMC6u0wJE3At+nSGwA=="
        }
    }
}
